// !$*UTF8*$!
{
	archiveVersion = 1;
	classes = {
	};
	objectVersion = 46;
	objects = {

/* Begin PBXBuildFile section */
		0E1575F71C50ECE300784B30 /* StudentHeader.m in Sources */ = {isa = PBXBuildFile; fileRef = 0E1575F31C50ECE300784B30 /* StudentHeader.m */; };
		0E1575F81C50ECE300784B30 /* StudentHeader.xib in Resources */ = {isa = PBXBuildFile; fileRef = 0E1575F41C50ECE300784B30 /* StudentHeader.xib */; };
		0E1575F91C50ECE300784B30 /* StudentInformationViewController.m in Sources */ = {isa = PBXBuildFile; fileRef = 0E1575F61C50ECE300784B30 /* StudentInformationViewController.m */; };
		0E1575FC1C50EE0700784B30 /* StudentInformationCell.m in Sources */ = {isa = PBXBuildFile; fileRef = 0E1575FB1C50EE0700784B30 /* StudentInformationCell.m */; };
		0E1575FF1C50F36A00784B30 /* NetUtil+SYNUNetWorking.m in Sources */ = {isa = PBXBuildFile; fileRef = 0E1575FE1C50F36A00784B30 /* NetUtil+SYNUNetWorking.m */; };
		0E1576021C5103EB00784B30 /* NSObject+Unicode.m in Sources */ = {isa = PBXBuildFile; fileRef = 0E1576011C5103EB00784B30 /* NSObject+Unicode.m */; };
		0E1576081C51053900784B30 /* CoursesTableController.m in Sources */ = {isa = PBXBuildFile; fileRef = 0E1576071C51053900784B30 /* CoursesTableController.m */; };
		0E15760C1C51073A00784B30 /* CoursesChartController.m in Sources */ = {isa = PBXBuildFile; fileRef = 0E15760B1C51073A00784B30 /* CoursesChartController.m */; };
		0E1576101C51083F00784B30 /* ScoreStatsController.m in Sources */ = {isa = PBXBuildFile; fileRef = 0E15760F1C51083F00784B30 /* ScoreStatsController.m */; };
		0E1576141C512AF600784B30 /* LogInViewController.m in Sources */ = {isa = PBXBuildFile; fileRef = 0E1576131C512AF600784B30 /* LogInViewController.m */; };
		0E1576191C512D3000784B30 /* StudentInformationCell.xib in Resources */ = {isa = PBXBuildFile; fileRef = 0E1576181C512D3000784B30 /* StudentInformationCell.xib */; };
		0E1576201C513C1700784B30 /* CourseTableCell.m in Sources */ = {isa = PBXBuildFile; fileRef = 0E15761E1C513C1700784B30 /* CourseTableCell.m */; };
		0E1576211C513C1700784B30 /* CourseTableCell.xib in Resources */ = {isa = PBXBuildFile; fileRef = 0E15761F1C513C1700784B30 /* CourseTableCell.xib */; };
		0E1576251C513D0E00784B30 /* CourseTableHeaderCell.m in Sources */ = {isa = PBXBuildFile; fileRef = 0E1576231C513D0E00784B30 /* CourseTableHeaderCell.m */; };
		0E1576261C513D0E00784B30 /* CourseTableHeaderCell.xib in Resources */ = {isa = PBXBuildFile; fileRef = 0E1576241C513D0E00784B30 /* CourseTableHeaderCell.xib */; };
		0E531EA31C4FE01500B0E5B2 /* ScoreStats.m in Sources */ = {isa = PBXBuildFile; fileRef = 0E531EA21C4FE01500B0E5B2 /* ScoreStats.m */; };
		0E6886441C4A807E00455868 /* AppDelegate.m in Sources */ = {isa = PBXBuildFile; fileRef = 0E6886411C4A807E00455868 /* AppDelegate.m */; };
		0E6886461C4A807E00455868 /* main.m in Sources */ = {isa = PBXBuildFile; fileRef = 0E6886431C4A807E00455868 /* main.m */; };
		0E6886491C4A835F00455868 /* Info.plist in Resources */ = {isa = PBXBuildFile; fileRef = 0E6886481C4A835F00455868 /* Info.plist */; };
		0E68864E1C4A868800455868 /* SYNUAPI.m in Sources */ = {isa = PBXBuildFile; fileRef = 0E68864D1C4A868800455868 /* SYNUAPI.m */; };
		0E822FD71C55F6D900B9AF76 /* SpinnerHud.m in Sources */ = {isa = PBXBuildFile; fileRef = 0E822FD61C55F6D900B9AF76 /* SpinnerHud.m */; };
		0E822FDA1C56076000B9AF76 /* MBProgressHUD+TextMsg.m in Sources */ = {isa = PBXBuildFile; fileRef = 0E822FD91C56076000B9AF76 /* MBProgressHUD+TextMsg.m */; };
		0E822FDD1C560ABB00B9AF76 /* UIImageView+PlaceHolderSpinner.m in Sources */ = {isa = PBXBuildFile; fileRef = 0E822FDC1C560ABB00B9AF76 /* UIImageView+PlaceHolderSpinner.m */; };
		0E93B0811C4E737E006C8484 /* CXHTMLDocument+StringValueForXPath.m in Sources */ = {isa = PBXBuildFile; fileRef = 0E93B0801C4E737E006C8484 /* CXHTMLDocument+StringValueForXPath.m */; };
		0E93B0841C4E7505006C8484 /* NSObject+Description.m in Sources */ = {isa = PBXBuildFile; fileRef = 0E93B0831C4E7505006C8484 /* NSObject+Description.m */; };
		0EACAB9B1C2DAA6600EF7261 /* Student.m in Sources */ = {isa = PBXBuildFile; fileRef = 0EACAB9A1C2DAA6600EF7261 /* Student.m */; };
		0EACAB9E1C2DAA9700EF7261 /* Course.m in Sources */ = {isa = PBXBuildFile; fileRef = 0EACAB9D1C2DAA9700EF7261 /* Course.m */; };
		0EACABA11C2DAAD700EF7261 /* NetUtil.m in Sources */ = {isa = PBXBuildFile; fileRef = 0EACABA01C2DAAD700EF7261 /* NetUtil.m */; };
		0EB458921C2274F20040AE70 /* Main.storyboard in Resources */ = {isa = PBXBuildFile; fileRef = 0EB458901C2274F20040AE70 /* Main.storyboard */; };
		0EB458941C2274F20040AE70 /* Assets.xcassets in Resources */ = {isa = PBXBuildFile; fileRef = 0EB458931C2274F20040AE70 /* Assets.xcassets */; };
		0EB458971C2274F20040AE70 /* LaunchScreen.storyboard in Resources */ = {isa = PBXBuildFile; fileRef = 0EB458951C2274F20040AE70 /* LaunchScreen.storyboard */; };
		0EB458A21C2274F20040AE70 /* GPAQueryTests.m in Sources */ = {isa = PBXBuildFile; fileRef = 0EB458A11C2274F20040AE70 /* GPAQueryTests.m */; };
		0EB458AD1C2274F20040AE70 /* GPAQueryUITests.m in Sources */ = {isa = PBXBuildFile; fileRef = 0EB458AC1C2274F20040AE70 /* GPAQueryUITests.m */; };
		0EC6DD3D1C4DF0EB00041CA4 /* CXMLDocument_CreationExtensions.m in Sources */ = {isa = PBXBuildFile; fileRef = 0EC6DD201C4DF0EB00041CA4 /* CXMLDocument_CreationExtensions.m */; };
		0EC6DD3E1C4DF0EB00041CA4 /* CXMLNode_CreationExtensions.m in Sources */ = {isa = PBXBuildFile; fileRef = 0EC6DD221C4DF0EB00041CA4 /* CXMLNode_CreationExtensions.m */; };
		0EC6DD3F1C4DF0EB00041CA4 /* CXHTMLDocument.m in Sources */ = {isa = PBXBuildFile; fileRef = 0EC6DD241C4DF0EB00041CA4 /* CXHTMLDocument.m */; };
		0EC6DD401C4DF0EB00041CA4 /* CXMLDocument.m in Sources */ = {isa = PBXBuildFile; fileRef = 0EC6DD261C4DF0EB00041CA4 /* CXMLDocument.m */; };
		0EC6DD411C4DF0EB00041CA4 /* CXMLDocument_PrivateExtensions.m in Sources */ = {isa = PBXBuildFile; fileRef = 0EC6DD281C4DF0EB00041CA4 /* CXMLDocument_PrivateExtensions.m */; };
		0EC6DD421C4DF0EB00041CA4 /* CXMLElement.m in Sources */ = {isa = PBXBuildFile; fileRef = 0EC6DD2A1C4DF0EB00041CA4 /* CXMLElement.m */; };
		0EC6DD431C4DF0EB00041CA4 /* CXMLElement_CreationExtensions.m in Sources */ = {isa = PBXBuildFile; fileRef = 0EC6DD2C1C4DF0EB00041CA4 /* CXMLElement_CreationExtensions.m */; };
		0EC6DD441C4DF0EB00041CA4 /* CXMLElement_ElementTreeExtensions.m in Sources */ = {isa = PBXBuildFile; fileRef = 0EC6DD2E1C4DF0EB00041CA4 /* CXMLElement_ElementTreeExtensions.m */; };
		0EC6DD451C4DF0EB00041CA4 /* CXMLNamespaceNode.m in Sources */ = {isa = PBXBuildFile; fileRef = 0EC6DD301C4DF0EB00041CA4 /* CXMLNamespaceNode.m */; };
		0EC6DD461C4DF0EB00041CA4 /* CXMLNode.m in Sources */ = {isa = PBXBuildFile; fileRef = 0EC6DD321C4DF0EB00041CA4 /* CXMLNode.m */; };
		0EC6DD471C4DF0EB00041CA4 /* CXMLNode_PrivateExtensions.m in Sources */ = {isa = PBXBuildFile; fileRef = 0EC6DD341C4DF0EB00041CA4 /* CXMLNode_PrivateExtensions.m */; };
		0EC6DD481C4DF0EB00041CA4 /* CXMLNode_XPathExtensions.m in Sources */ = {isa = PBXBuildFile; fileRef = 0EC6DD361C4DF0EB00041CA4 /* CXMLNode_XPathExtensions.m */; };
		0EC6DD491C4DF0EB00041CA4 /* CXMLUnsupportedNode.m in Sources */ = {isa = PBXBuildFile; fileRef = 0EC6DD381C4DF0EB00041CA4 /* CXMLUnsupportedNode.m */; };
		0EC6DD4A1C4DF0EB00041CA4 /* CTidy.m in Sources */ = {isa = PBXBuildFile; fileRef = 0EC6DD3B1C4DF0EB00041CA4 /* CTidy.m */; };
		0ED66D341C5096A0002DD95F /* Helper.m in Sources */ = {isa = PBXBuildFile; fileRef = 0ED66D331C5096A0002DD95F /* Helper.m */; };
		0EE203951C576CF0000999AF /* OBJ2ExcelHelper.m in Sources */ = {isa = PBXBuildFile; fileRef = 0EE203941C576CF0000999AF /* OBJ2ExcelHelper.m */; };
		0EEA090F1C562CE3009E1FCB /* GPADescription.plist in Resources */ = {isa = PBXBuildFile; fileRef = 0EEA090E1C562CE3009E1FCB /* GPADescription.plist */; };
		0EEA09121C56353B009E1FCB /* BaseViewController.m in Sources */ = {isa = PBXBuildFile; fileRef = 0EEA09111C56353B009E1FCB /* BaseViewController.m */; };
		0EEA09271C563551009E1FCB /* DLLRUCache.m in Sources */ = {isa = PBXBuildFile; fileRef = 0EEA09181C563551009E1FCB /* DLLRUCache.m */; };
		0EEA09281C563551009E1FCB /* DLCustomSlideView.m in Sources */ = {isa = PBXBuildFile; fileRef = 0EEA091A1C563551009E1FCB /* DLCustomSlideView.m */; };
		0EEA09291C563551009E1FCB /* DLSlideView.m in Sources */ = {isa = PBXBuildFile; fileRef = 0EEA091C1C563551009E1FCB /* DLSlideView.m */; };
		0EEA092A1C563551009E1FCB /* DLFixedTabbarView.m in Sources */ = {isa = PBXBuildFile; fileRef = 0EEA091F1C563551009E1FCB /* DLFixedTabbarView.m */; };
		0EEA092B1C563551009E1FCB /* DLScrollTabbarView.m in Sources */ = {isa = PBXBuildFile; fileRef = 0EEA09211C563551009E1FCB /* DLScrollTabbarView.m */; };
		0EEA092C1C563551009E1FCB /* DLTabedSlideView.m in Sources */ = {isa = PBXBuildFile; fileRef = 0EEA09241C563551009E1FCB /* DLTabedSlideView.m */; };
		0EEA092D1C563551009E1FCB /* DLUtility.m in Sources */ = {isa = PBXBuildFile; fileRef = 0EEA09261C563551009E1FCB /* DLUtility.m */; };
		0EEA094A1C564DCE009E1FCB /* SlideTabViewController.m in Sources */ = {isa = PBXBuildFile; fileRef = 0EEA09491C564DCE009E1FCB /* SlideTabViewController.m */; };
		0EEA09541C5657A0009E1FCB /* goodsHot@2x.png in Resources */ = {isa = PBXBuildFile; fileRef = 0EEA094C1C5657A0009E1FCB /* goodsHot@2x.png */; };
		0EEA09551C5657A0009E1FCB /* goodsHot_d@2x.png in Resources */ = {isa = PBXBuildFile; fileRef = 0EEA094D1C5657A0009E1FCB /* goodsHot_d@2x.png */; };
		0EEA09561C5657A0009E1FCB /* goodsHSeperator@2x.png in Resources */ = {isa = PBXBuildFile; fileRef = 0EEA094E1C5657A0009E1FCB /* goodsHSeperator@2x.png */; };
		0EEA09571C5657A0009E1FCB /* goodsNew@2x.png in Resources */ = {isa = PBXBuildFile; fileRef = 0EEA094F1C5657A0009E1FCB /* goodsNew@2x.png */; };
		0EEA09581C5657A0009E1FCB /* goodsNew_d@2x.png in Resources */ = {isa = PBXBuildFile; fileRef = 0EEA09501C5657A0009E1FCB /* goodsNew_d@2x.png */; };
		0EEA09591C5657A0009E1FCB /* goodsPrice@2x.png in Resources */ = {isa = PBXBuildFile; fileRef = 0EEA09511C5657A0009E1FCB /* goodsPrice@2x.png */; };
		0EEA095A1C5657A0009E1FCB /* goodsPrice_d@2x.png in Resources */ = {isa = PBXBuildFile; fileRef = 0EEA09521C5657A0009E1FCB /* goodsPrice_d@2x.png */; };
		0EEA095B1C5657A0009E1FCB /* tabbarBk@2x.png in Resources */ = {isa = PBXBuildFile; fileRef = 0EEA09531C5657A0009E1FCB /* tabbarBk@2x.png */; };
		0EEA09961C5697C0009E1FCB /* libsqlite3.tbd in Frameworks */ = {isa = PBXBuildFile; fileRef = 0EEA09951C5697C0009E1FCB /* libsqlite3.tbd */; };
		0EEA09981C5697D1009E1FCB /* SystemConfiguration.framework in Frameworks */ = {isa = PBXBuildFile; fileRef = 0EEA09971C5697D1009E1FCB /* SystemConfiguration.framework */; };
		0EEA099A1C5697EA009E1FCB /* CoreTelephony.framework in Frameworks */ = {isa = PBXBuildFile; fileRef = 0EEA09991C5697EA009E1FCB /* CoreTelephony.framework */; };
		0EEA099C1C5697FD009E1FCB /* Security.framework in Frameworks */ = {isa = PBXBuildFile; fileRef = 0EEA099B1C5697FD009E1FCB /* Security.framework */; };
		0EEA099E1C56981C009E1FCB /* libz.tbd in Frameworks */ = {isa = PBXBuildFile; fileRef = 0EEA099D1C56981C009E1FCB /* libz.tbd */; };
		0EEA09A01C569829009E1FCB /* libstdc++.tbd in Frameworks */ = {isa = PBXBuildFile; fileRef = 0EEA099F1C569829009E1FCB /* libstdc++.tbd */; };
		C0073C90B9978CFD8D3C9910 /* Pods_GPAQuery.framework in Frameworks */ = {isa = PBXBuildFile; fileRef = D279EB53854A6D9BE4A0D8A7 /* Pods_GPAQuery.framework */; };
/* End PBXBuildFile section */

/* Begin PBXContainerItemProxy section */
		0EB4589E1C2274F20040AE70 /* PBXContainerItemProxy */ = {
			isa = PBXContainerItemProxy;
			containerPortal = 0EB4587C1C2274F20040AE70 /* Project object */;
			proxyType = 1;
			remoteGlobalIDString = 0EB458831C2274F20040AE70;
			remoteInfo = GPAQuery;
		};
		0EB458A91C2274F20040AE70 /* PBXContainerItemProxy */ = {
			isa = PBXContainerItemProxy;
			containerPortal = 0EB4587C1C2274F20040AE70 /* Project object */;
			proxyType = 1;
			remoteGlobalIDString = 0EB458831C2274F20040AE70;
			remoteInfo = GPAQuery;
		};
/* End PBXContainerItemProxy section */

/* Begin PBXFileReference section */
		0E0751A11C54F7A10076C32A /* GPAQuery-Swift.h */ = {isa = PBXFileReference; lastKnownFileType = sourcecode.c.h; path = "GPAQuery-Swift.h"; sourceTree = "<group>"; };
		0E1575F21C50ECE300784B30 /* StudentHeader.h */ = {isa = PBXFileReference; fileEncoding = 4; lastKnownFileType = sourcecode.c.h; path = StudentHeader.h; sourceTree = "<group>"; };
		0E1575F31C50ECE300784B30 /* StudentHeader.m */ = {isa = PBXFileReference; fileEncoding = 4; lastKnownFileType = sourcecode.c.objc; path = StudentHeader.m; sourceTree = "<group>"; };
		0E1575F41C50ECE300784B30 /* StudentHeader.xib */ = {isa = PBXFileReference; fileEncoding = 4; lastKnownFileType = file.xib; path = StudentHeader.xib; sourceTree = "<group>"; };
		0E1575F51C50ECE300784B30 /* StudentInformationViewController.h */ = {isa = PBXFileReference; fileEncoding = 4; lastKnownFileType = sourcecode.c.h; path = StudentInformationViewController.h; sourceTree = "<group>"; };
		0E1575F61C50ECE300784B30 /* StudentInformationViewController.m */ = {isa = PBXFileReference; fileEncoding = 4; lastKnownFileType = sourcecode.c.objc; path = StudentInformationViewController.m; sourceTree = "<group>"; };
		0E1575FA1C50EE0700784B30 /* StudentInformationCell.h */ = {isa = PBXFileReference; fileEncoding = 4; lastKnownFileType = sourcecode.c.h; path = StudentInformationCell.h; sourceTree = "<group>"; };
		0E1575FB1C50EE0700784B30 /* StudentInformationCell.m */ = {isa = PBXFileReference; fileEncoding = 4; lastKnownFileType = sourcecode.c.objc; path = StudentInformationCell.m; sourceTree = "<group>"; };
		0E1575FD1C50F36A00784B30 /* NetUtil+SYNUNetWorking.h */ = {isa = PBXFileReference; fileEncoding = 4; lastKnownFileType = sourcecode.c.h; path = "NetUtil+SYNUNetWorking.h"; sourceTree = "<group>"; };
		0E1575FE1C50F36A00784B30 /* NetUtil+SYNUNetWorking.m */ = {isa = PBXFileReference; fileEncoding = 4; lastKnownFileType = sourcecode.c.objc; path = "NetUtil+SYNUNetWorking.m"; sourceTree = "<group>"; };
		0E1576001C5103EB00784B30 /* NSObject+Unicode.h */ = {isa = PBXFileReference; fileEncoding = 4; lastKnownFileType = sourcecode.c.h; path = "NSObject+Unicode.h"; sourceTree = "<group>"; };
		0E1576011C5103EB00784B30 /* NSObject+Unicode.m */ = {isa = PBXFileReference; fileEncoding = 4; lastKnownFileType = sourcecode.c.objc; path = "NSObject+Unicode.m"; sourceTree = "<group>"; };
		0E1576061C51053900784B30 /* CoursesTableController.h */ = {isa = PBXFileReference; fileEncoding = 4; lastKnownFileType = sourcecode.c.h; path = CoursesTableController.h; sourceTree = "<group>"; };
		0E1576071C51053900784B30 /* CoursesTableController.m */ = {isa = PBXFileReference; fileEncoding = 4; lastKnownFileType = sourcecode.c.objc; path = CoursesTableController.m; sourceTree = "<group>"; };
		0E15760A1C51073A00784B30 /* CoursesChartController.h */ = {isa = PBXFileReference; fileEncoding = 4; lastKnownFileType = sourcecode.c.h; path = CoursesChartController.h; sourceTree = "<group>"; };
		0E15760B1C51073A00784B30 /* CoursesChartController.m */ = {isa = PBXFileReference; fileEncoding = 4; lastKnownFileType = sourcecode.c.objc; path = CoursesChartController.m; sourceTree = "<group>"; };
		0E15760E1C51083F00784B30 /* ScoreStatsController.h */ = {isa = PBXFileReference; fileEncoding = 4; lastKnownFileType = sourcecode.c.h; path = ScoreStatsController.h; sourceTree = "<group>"; };
		0E15760F1C51083F00784B30 /* ScoreStatsController.m */ = {isa = PBXFileReference; fileEncoding = 4; lastKnownFileType = sourcecode.c.objc; path = ScoreStatsController.m; sourceTree = "<group>"; };
		0E1576121C512AF600784B30 /* LogInViewController.h */ = {isa = PBXFileReference; fileEncoding = 4; lastKnownFileType = sourcecode.c.h; path = LogInViewController.h; sourceTree = "<group>"; };
		0E1576131C512AF600784B30 /* LogInViewController.m */ = {isa = PBXFileReference; fileEncoding = 4; lastKnownFileType = sourcecode.c.objc; path = LogInViewController.m; sourceTree = "<group>"; };
		0E1576181C512D3000784B30 /* StudentInformationCell.xib */ = {isa = PBXFileReference; fileEncoding = 4; lastKnownFileType = file.xib; path = StudentInformationCell.xib; sourceTree = "<group>"; };
		0E15761D1C513C1700784B30 /* CourseTableCell.h */ = {isa = PBXFileReference; fileEncoding = 4; lastKnownFileType = sourcecode.c.h; path = CourseTableCell.h; sourceTree = "<group>"; };
		0E15761E1C513C1700784B30 /* CourseTableCell.m */ = {isa = PBXFileReference; fileEncoding = 4; lastKnownFileType = sourcecode.c.objc; path = CourseTableCell.m; sourceTree = "<group>"; };
		0E15761F1C513C1700784B30 /* CourseTableCell.xib */ = {isa = PBXFileReference; fileEncoding = 4; lastKnownFileType = file.xib; path = CourseTableCell.xib; sourceTree = "<group>"; };
		0E1576221C513D0E00784B30 /* CourseTableHeaderCell.h */ = {isa = PBXFileReference; fileEncoding = 4; lastKnownFileType = sourcecode.c.h; path = CourseTableHeaderCell.h; sourceTree = "<group>"; };
		0E1576231C513D0E00784B30 /* CourseTableHeaderCell.m */ = {isa = PBXFileReference; fileEncoding = 4; lastKnownFileType = sourcecode.c.objc; path = CourseTableHeaderCell.m; sourceTree = "<group>"; };
		0E1576241C513D0E00784B30 /* CourseTableHeaderCell.xib */ = {isa = PBXFileReference; fileEncoding = 4; lastKnownFileType = file.xib; path = CourseTableHeaderCell.xib; sourceTree = "<group>"; };
		0E531EA11C4FE01500B0E5B2 /* ScoreStats.h */ = {isa = PBXFileReference; fileEncoding = 4; lastKnownFileType = sourcecode.c.h; path = ScoreStats.h; sourceTree = "<group>"; };
		0E531EA21C4FE01500B0E5B2 /* ScoreStats.m */ = {isa = PBXFileReference; fileEncoding = 4; lastKnownFileType = sourcecode.c.objc; path = ScoreStats.m; sourceTree = "<group>"; };
		0E6886401C4A807E00455868 /* AppDelegate.h */ = {isa = PBXFileReference; fileEncoding = 4; lastKnownFileType = sourcecode.c.h; path = AppDelegate.h; sourceTree = "<group>"; };
		0E6886411C4A807E00455868 /* AppDelegate.m */ = {isa = PBXFileReference; fileEncoding = 4; lastKnownFileType = sourcecode.c.objc; path = AppDelegate.m; sourceTree = "<group>"; };
		0E6886431C4A807E00455868 /* main.m */ = {isa = PBXFileReference; fileEncoding = 4; lastKnownFileType = sourcecode.c.objc; path = main.m; sourceTree = "<group>"; };
		0E6886481C4A835F00455868 /* Info.plist */ = {isa = PBXFileReference; fileEncoding = 4; lastKnownFileType = text.plist.xml; path = Info.plist; sourceTree = "<group>"; };
		0E68864C1C4A868800455868 /* SYNUAPI.h */ = {isa = PBXFileReference; fileEncoding = 4; lastKnownFileType = sourcecode.c.h; path = SYNUAPI.h; sourceTree = "<group>"; };
		0E68864D1C4A868800455868 /* SYNUAPI.m */ = {isa = PBXFileReference; fileEncoding = 4; lastKnownFileType = sourcecode.c.objc; path = SYNUAPI.m; sourceTree = "<group>"; };
		0E822FD51C55F6D900B9AF76 /* SpinnerHud.h */ = {isa = PBXFileReference; fileEncoding = 4; lastKnownFileType = sourcecode.c.h; path = SpinnerHud.h; sourceTree = "<group>"; };
		0E822FD61C55F6D900B9AF76 /* SpinnerHud.m */ = {isa = PBXFileReference; fileEncoding = 4; lastKnownFileType = sourcecode.c.objc; path = SpinnerHud.m; sourceTree = "<group>"; };
		0E822FD81C56076000B9AF76 /* MBProgressHUD+TextMsg.h */ = {isa = PBXFileReference; fileEncoding = 4; lastKnownFileType = sourcecode.c.h; path = "MBProgressHUD+TextMsg.h"; sourceTree = "<group>"; };
		0E822FD91C56076000B9AF76 /* MBProgressHUD+TextMsg.m */ = {isa = PBXFileReference; fileEncoding = 4; lastKnownFileType = sourcecode.c.objc; path = "MBProgressHUD+TextMsg.m"; sourceTree = "<group>"; };
		0E822FDB1C560ABB00B9AF76 /* UIImageView+PlaceHolderSpinner.h */ = {isa = PBXFileReference; fileEncoding = 4; lastKnownFileType = sourcecode.c.h; path = "UIImageView+PlaceHolderSpinner.h"; sourceTree = "<group>"; };
		0E822FDC1C560ABB00B9AF76 /* UIImageView+PlaceHolderSpinner.m */ = {isa = PBXFileReference; fileEncoding = 4; lastKnownFileType = sourcecode.c.objc; path = "UIImageView+PlaceHolderSpinner.m"; sourceTree = "<group>"; };
		0E872B861C4B3DC900CE2743 /* libiconv.2.tbd */ = {isa = PBXFileReference; lastKnownFileType = "sourcecode.text-based-dylib-definition"; name = libiconv.2.tbd; path = usr/lib/libiconv.2.tbd; sourceTree = SDKROOT; };
		0E872B8C1C4B471500CE2743 /* libxml2.tbd */ = {isa = PBXFileReference; lastKnownFileType = "sourcecode.text-based-dylib-definition"; name = libxml2.tbd; path = usr/lib/libxml2.tbd; sourceTree = SDKROOT; };
		0E872B8E1C4B472D00CE2743 /* libxml2.2.tbd */ = {isa = PBXFileReference; lastKnownFileType = "sourcecode.text-based-dylib-definition"; name = libxml2.2.tbd; path = usr/lib/libxml2.2.tbd; sourceTree = SDKROOT; };
		0E93B07F1C4E737E006C8484 /* CXHTMLDocument+StringValueForXPath.h */ = {isa = PBXFileReference; fileEncoding = 4; lastKnownFileType = sourcecode.c.h; path = "CXHTMLDocument+StringValueForXPath.h"; sourceTree = "<group>"; };
		0E93B0801C4E737E006C8484 /* CXHTMLDocument+StringValueForXPath.m */ = {isa = PBXFileReference; fileEncoding = 4; lastKnownFileType = sourcecode.c.objc; path = "CXHTMLDocument+StringValueForXPath.m"; sourceTree = "<group>"; };
		0E93B0821C4E7505006C8484 /* NSObject+Description.h */ = {isa = PBXFileReference; fileEncoding = 4; lastKnownFileType = sourcecode.c.h; path = "NSObject+Description.h"; sourceTree = "<group>"; };
		0E93B0831C4E7505006C8484 /* NSObject+Description.m */ = {isa = PBXFileReference; fileEncoding = 4; lastKnownFileType = sourcecode.c.objc; path = "NSObject+Description.m"; sourceTree = "<group>"; };
		0EACAB991C2DAA6600EF7261 /* Student.h */ = {isa = PBXFileReference; fileEncoding = 4; lastKnownFileType = sourcecode.c.h; path = Student.h; sourceTree = "<group>"; };
		0EACAB9A1C2DAA6600EF7261 /* Student.m */ = {isa = PBXFileReference; fileEncoding = 4; lastKnownFileType = sourcecode.c.objc; path = Student.m; sourceTree = "<group>"; };
		0EACAB9C1C2DAA9700EF7261 /* Course.h */ = {isa = PBXFileReference; fileEncoding = 4; lastKnownFileType = sourcecode.c.h; path = Course.h; sourceTree = "<group>"; };
		0EACAB9D1C2DAA9700EF7261 /* Course.m */ = {isa = PBXFileReference; fileEncoding = 4; lastKnownFileType = sourcecode.c.objc; path = Course.m; sourceTree = "<group>"; };
		0EACAB9F1C2DAAD700EF7261 /* NetUtil.h */ = {isa = PBXFileReference; fileEncoding = 4; lastKnownFileType = sourcecode.c.h; path = NetUtil.h; sourceTree = "<group>"; };
		0EACABA01C2DAAD700EF7261 /* NetUtil.m */ = {isa = PBXFileReference; fileEncoding = 4; lastKnownFileType = sourcecode.c.objc; path = NetUtil.m; sourceTree = "<group>"; };
		0EB458841C2274F20040AE70 /* GPAQuery.app */ = {isa = PBXFileReference; explicitFileType = wrapper.application; includeInIndex = 0; path = GPAQuery.app; sourceTree = BUILT_PRODUCTS_DIR; };
		0EB458911C2274F20040AE70 /* Base */ = {isa = PBXFileReference; lastKnownFileType = file.storyboard; name = Base; path = Base.lproj/Main.storyboard; sourceTree = "<group>"; };
		0EB458931C2274F20040AE70 /* Assets.xcassets */ = {isa = PBXFileReference; lastKnownFileType = folder.assetcatalog; path = Assets.xcassets; sourceTree = "<group>"; };
		0EB458961C2274F20040AE70 /* Base */ = {isa = PBXFileReference; lastKnownFileType = file.storyboard; name = Base; path = Base.lproj/LaunchScreen.storyboard; sourceTree = "<group>"; };
		0EB4589D1C2274F20040AE70 /* GPAQueryTests.xctest */ = {isa = PBXFileReference; explicitFileType = wrapper.cfbundle; includeInIndex = 0; path = GPAQueryTests.xctest; sourceTree = BUILT_PRODUCTS_DIR; };
		0EB458A11C2274F20040AE70 /* GPAQueryTests.m */ = {isa = PBXFileReference; lastKnownFileType = sourcecode.c.objc; path = GPAQueryTests.m; sourceTree = "<group>"; };
		0EB458A31C2274F20040AE70 /* Info.plist */ = {isa = PBXFileReference; lastKnownFileType = text.plist.xml; path = Info.plist; sourceTree = "<group>"; };
		0EB458A81C2274F20040AE70 /* GPAQueryUITests.xctest */ = {isa = PBXFileReference; explicitFileType = wrapper.cfbundle; includeInIndex = 0; path = GPAQueryUITests.xctest; sourceTree = BUILT_PRODUCTS_DIR; };
		0EB458AC1C2274F20040AE70 /* GPAQueryUITests.m */ = {isa = PBXFileReference; lastKnownFileType = sourcecode.c.objc; path = GPAQueryUITests.m; sourceTree = "<group>"; };
		0EB458AE1C2274F20040AE70 /* Info.plist */ = {isa = PBXFileReference; lastKnownFileType = text.plist.xml; path = Info.plist; sourceTree = "<group>"; };
		0EC6DD1F1C4DF0EB00041CA4 /* CXMLDocument_CreationExtensions.h */ = {isa = PBXFileReference; fileEncoding = 4; lastKnownFileType = sourcecode.c.h; path = CXMLDocument_CreationExtensions.h; sourceTree = "<group>"; };
		0EC6DD201C4DF0EB00041CA4 /* CXMLDocument_CreationExtensions.m */ = {isa = PBXFileReference; fileEncoding = 4; lastKnownFileType = sourcecode.c.objc; path = CXMLDocument_CreationExtensions.m; sourceTree = "<group>"; };
		0EC6DD211C4DF0EB00041CA4 /* CXMLNode_CreationExtensions.h */ = {isa = PBXFileReference; fileEncoding = 4; lastKnownFileType = sourcecode.c.h; path = CXMLNode_CreationExtensions.h; sourceTree = "<group>"; };
		0EC6DD221C4DF0EB00041CA4 /* CXMLNode_CreationExtensions.m */ = {isa = PBXFileReference; fileEncoding = 4; lastKnownFileType = sourcecode.c.objc; path = CXMLNode_CreationExtensions.m; sourceTree = "<group>"; };
		0EC6DD231C4DF0EB00041CA4 /* CXHTMLDocument.h */ = {isa = PBXFileReference; fileEncoding = 4; lastKnownFileType = sourcecode.c.h; path = CXHTMLDocument.h; sourceTree = "<group>"; };
		0EC6DD241C4DF0EB00041CA4 /* CXHTMLDocument.m */ = {isa = PBXFileReference; fileEncoding = 4; lastKnownFileType = sourcecode.c.objc; path = CXHTMLDocument.m; sourceTree = "<group>"; };
		0EC6DD251C4DF0EB00041CA4 /* CXMLDocument.h */ = {isa = PBXFileReference; fileEncoding = 4; lastKnownFileType = sourcecode.c.h; path = CXMLDocument.h; sourceTree = "<group>"; };
		0EC6DD261C4DF0EB00041CA4 /* CXMLDocument.m */ = {isa = PBXFileReference; fileEncoding = 4; lastKnownFileType = sourcecode.c.objc; path = CXMLDocument.m; sourceTree = "<group>"; };
		0EC6DD271C4DF0EB00041CA4 /* CXMLDocument_PrivateExtensions.h */ = {isa = PBXFileReference; fileEncoding = 4; lastKnownFileType = sourcecode.c.h; path = CXMLDocument_PrivateExtensions.h; sourceTree = "<group>"; };
		0EC6DD281C4DF0EB00041CA4 /* CXMLDocument_PrivateExtensions.m */ = {isa = PBXFileReference; fileEncoding = 4; lastKnownFileType = sourcecode.c.objc; path = CXMLDocument_PrivateExtensions.m; sourceTree = "<group>"; };
		0EC6DD291C4DF0EB00041CA4 /* CXMLElement.h */ = {isa = PBXFileReference; fileEncoding = 4; lastKnownFileType = sourcecode.c.h; path = CXMLElement.h; sourceTree = "<group>"; };
		0EC6DD2A1C4DF0EB00041CA4 /* CXMLElement.m */ = {isa = PBXFileReference; fileEncoding = 4; lastKnownFileType = sourcecode.c.objc; path = CXMLElement.m; sourceTree = "<group>"; };
		0EC6DD2B1C4DF0EB00041CA4 /* CXMLElement_CreationExtensions.h */ = {isa = PBXFileReference; fileEncoding = 4; lastKnownFileType = sourcecode.c.h; path = CXMLElement_CreationExtensions.h; sourceTree = "<group>"; };
		0EC6DD2C1C4DF0EB00041CA4 /* CXMLElement_CreationExtensions.m */ = {isa = PBXFileReference; fileEncoding = 4; lastKnownFileType = sourcecode.c.objc; path = CXMLElement_CreationExtensions.m; sourceTree = "<group>"; };
		0EC6DD2D1C4DF0EB00041CA4 /* CXMLElement_ElementTreeExtensions.h */ = {isa = PBXFileReference; fileEncoding = 4; lastKnownFileType = sourcecode.c.h; path = CXMLElement_ElementTreeExtensions.h; sourceTree = "<group>"; };
		0EC6DD2E1C4DF0EB00041CA4 /* CXMLElement_ElementTreeExtensions.m */ = {isa = PBXFileReference; fileEncoding = 4; lastKnownFileType = sourcecode.c.objc; path = CXMLElement_ElementTreeExtensions.m; sourceTree = "<group>"; };
		0EC6DD2F1C4DF0EB00041CA4 /* CXMLNamespaceNode.h */ = {isa = PBXFileReference; fileEncoding = 4; lastKnownFileType = sourcecode.c.h; path = CXMLNamespaceNode.h; sourceTree = "<group>"; };
		0EC6DD301C4DF0EB00041CA4 /* CXMLNamespaceNode.m */ = {isa = PBXFileReference; fileEncoding = 4; lastKnownFileType = sourcecode.c.objc; path = CXMLNamespaceNode.m; sourceTree = "<group>"; };
		0EC6DD311C4DF0EB00041CA4 /* CXMLNode.h */ = {isa = PBXFileReference; fileEncoding = 4; lastKnownFileType = sourcecode.c.h; path = CXMLNode.h; sourceTree = "<group>"; };
		0EC6DD321C4DF0EB00041CA4 /* CXMLNode.m */ = {isa = PBXFileReference; fileEncoding = 4; lastKnownFileType = sourcecode.c.objc; path = CXMLNode.m; sourceTree = "<group>"; };
		0EC6DD331C4DF0EB00041CA4 /* CXMLNode_PrivateExtensions.h */ = {isa = PBXFileReference; fileEncoding = 4; lastKnownFileType = sourcecode.c.h; path = CXMLNode_PrivateExtensions.h; sourceTree = "<group>"; };
		0EC6DD341C4DF0EB00041CA4 /* CXMLNode_PrivateExtensions.m */ = {isa = PBXFileReference; fileEncoding = 4; lastKnownFileType = sourcecode.c.objc; path = CXMLNode_PrivateExtensions.m; sourceTree = "<group>"; };
		0EC6DD351C4DF0EB00041CA4 /* CXMLNode_XPathExtensions.h */ = {isa = PBXFileReference; fileEncoding = 4; lastKnownFileType = sourcecode.c.h; path = CXMLNode_XPathExtensions.h; sourceTree = "<group>"; };
		0EC6DD361C4DF0EB00041CA4 /* CXMLNode_XPathExtensions.m */ = {isa = PBXFileReference; fileEncoding = 4; lastKnownFileType = sourcecode.c.objc; path = CXMLNode_XPathExtensions.m; sourceTree = "<group>"; };
		0EC6DD371C4DF0EB00041CA4 /* CXMLUnsupportedNode.h */ = {isa = PBXFileReference; fileEncoding = 4; lastKnownFileType = sourcecode.c.h; path = CXMLUnsupportedNode.h; sourceTree = "<group>"; };
		0EC6DD381C4DF0EB00041CA4 /* CXMLUnsupportedNode.m */ = {isa = PBXFileReference; fileEncoding = 4; lastKnownFileType = sourcecode.c.objc; path = CXMLUnsupportedNode.m; sourceTree = "<group>"; };
		0EC6DD3A1C4DF0EB00041CA4 /* CTidy.h */ = {isa = PBXFileReference; fileEncoding = 4; lastKnownFileType = sourcecode.c.h; path = CTidy.h; sourceTree = "<group>"; };
		0EC6DD3B1C4DF0EB00041CA4 /* CTidy.m */ = {isa = PBXFileReference; fileEncoding = 4; lastKnownFileType = sourcecode.c.objc; path = CTidy.m; sourceTree = "<group>"; };
		0EC6DD3C1C4DF0EB00041CA4 /* TouchXML.h */ = {isa = PBXFileReference; fileEncoding = 4; lastKnownFileType = sourcecode.c.h; path = TouchXML.h; sourceTree = "<group>"; };
		0ED66D321C5096A0002DD95F /* Helper.h */ = {isa = PBXFileReference; fileEncoding = 4; lastKnownFileType = sourcecode.c.h; path = Helper.h; sourceTree = "<group>"; };
		0ED66D331C5096A0002DD95F /* Helper.m */ = {isa = PBXFileReference; fileEncoding = 4; lastKnownFileType = sourcecode.c.objc; path = Helper.m; sourceTree = "<group>"; };
		0EE203931C576CF0000999AF /* OBJ2ExcelHelper.h */ = {isa = PBXFileReference; fileEncoding = 4; lastKnownFileType = sourcecode.c.h; path = OBJ2ExcelHelper.h; sourceTree = "<group>"; };
		0EE203941C576CF0000999AF /* OBJ2ExcelHelper.m */ = {isa = PBXFileReference; fileEncoding = 4; lastKnownFileType = sourcecode.c.objc; path = OBJ2ExcelHelper.m; sourceTree = "<group>"; };
		0EEA090E1C562CE3009E1FCB /* GPADescription.plist */ = {isa = PBXFileReference; fileEncoding = 4; lastKnownFileType = text.plist.xml; path = GPADescription.plist; sourceTree = "<group>"; };
		0EEA09101C56353B009E1FCB /* BaseViewController.h */ = {isa = PBXFileReference; fileEncoding = 4; lastKnownFileType = sourcecode.c.h; path = BaseViewController.h; sourceTree = "<group>"; };
		0EEA09111C56353B009E1FCB /* BaseViewController.m */ = {isa = PBXFileReference; fileEncoding = 4; lastKnownFileType = sourcecode.c.objc; path = BaseViewController.m; sourceTree = "<group>"; };
		0EEA09161C563551009E1FCB /* DLCacheProtocol.h */ = {isa = PBXFileReference; fileEncoding = 4; lastKnownFileType = sourcecode.c.h; path = DLCacheProtocol.h; sourceTree = "<group>"; };
		0EEA09171C563551009E1FCB /* DLLRUCache.h */ = {isa = PBXFileReference; fileEncoding = 4; lastKnownFileType = sourcecode.c.h; path = DLLRUCache.h; sourceTree = "<group>"; };
		0EEA09181C563551009E1FCB /* DLLRUCache.m */ = {isa = PBXFileReference; fileEncoding = 4; lastKnownFileType = sourcecode.c.objc; path = DLLRUCache.m; sourceTree = "<group>"; };
		0EEA09191C563551009E1FCB /* DLCustomSlideView.h */ = {isa = PBXFileReference; fileEncoding = 4; lastKnownFileType = sourcecode.c.h; path = DLCustomSlideView.h; sourceTree = "<group>"; };
		0EEA091A1C563551009E1FCB /* DLCustomSlideView.m */ = {isa = PBXFileReference; fileEncoding = 4; lastKnownFileType = sourcecode.c.objc; path = DLCustomSlideView.m; sourceTree = "<group>"; };
		0EEA091B1C563551009E1FCB /* DLSlideView.h */ = {isa = PBXFileReference; fileEncoding = 4; lastKnownFileType = sourcecode.c.h; path = DLSlideView.h; sourceTree = "<group>"; };
		0EEA091C1C563551009E1FCB /* DLSlideView.m */ = {isa = PBXFileReference; fileEncoding = 4; lastKnownFileType = sourcecode.c.objc; path = DLSlideView.m; sourceTree = "<group>"; };
		0EEA091E1C563551009E1FCB /* DLFixedTabbarView.h */ = {isa = PBXFileReference; fileEncoding = 4; lastKnownFileType = sourcecode.c.h; path = DLFixedTabbarView.h; sourceTree = "<group>"; };
		0EEA091F1C563551009E1FCB /* DLFixedTabbarView.m */ = {isa = PBXFileReference; fileEncoding = 4; lastKnownFileType = sourcecode.c.objc; path = DLFixedTabbarView.m; sourceTree = "<group>"; };
		0EEA09201C563551009E1FCB /* DLScrollTabbarView.h */ = {isa = PBXFileReference; fileEncoding = 4; lastKnownFileType = sourcecode.c.h; path = DLScrollTabbarView.h; sourceTree = "<group>"; };
		0EEA09211C563551009E1FCB /* DLScrollTabbarView.m */ = {isa = PBXFileReference; fileEncoding = 4; lastKnownFileType = sourcecode.c.objc; path = DLScrollTabbarView.m; sourceTree = "<group>"; };
		0EEA09221C563551009E1FCB /* DLSlideTabbarProtocol.h */ = {isa = PBXFileReference; fileEncoding = 4; lastKnownFileType = sourcecode.c.h; path = DLSlideTabbarProtocol.h; sourceTree = "<group>"; };
		0EEA09231C563551009E1FCB /* DLTabedSlideView.h */ = {isa = PBXFileReference; fileEncoding = 4; lastKnownFileType = sourcecode.c.h; path = DLTabedSlideView.h; sourceTree = "<group>"; };
		0EEA09241C563551009E1FCB /* DLTabedSlideView.m */ = {isa = PBXFileReference; fileEncoding = 4; lastKnownFileType = sourcecode.c.objc; path = DLTabedSlideView.m; sourceTree = "<group>"; };
		0EEA09251C563551009E1FCB /* DLUtility.h */ = {isa = PBXFileReference; fileEncoding = 4; lastKnownFileType = sourcecode.c.h; path = DLUtility.h; sourceTree = "<group>"; };
		0EEA09261C563551009E1FCB /* DLUtility.m */ = {isa = PBXFileReference; fileEncoding = 4; lastKnownFileType = sourcecode.c.objc; path = DLUtility.m; sourceTree = "<group>"; };
		0EEA09481C564DCE009E1FCB /* SlideTabViewController.h */ = {isa = PBXFileReference; fileEncoding = 4; lastKnownFileType = sourcecode.c.h; path = SlideTabViewController.h; sourceTree = "<group>"; };
		0EEA09491C564DCE009E1FCB /* SlideTabViewController.m */ = {isa = PBXFileReference; fileEncoding = 4; lastKnownFileType = sourcecode.c.objc; path = SlideTabViewController.m; sourceTree = "<group>"; };
		0EEA094C1C5657A0009E1FCB /* goodsHot@2x.png */ = {isa = PBXFileReference; lastKnownFileType = image.png; path = "goodsHot@2x.png"; sourceTree = "<group>"; };
		0EEA094D1C5657A0009E1FCB /* goodsHot_d@2x.png */ = {isa = PBXFileReference; lastKnownFileType = image.png; path = "goodsHot_d@2x.png"; sourceTree = "<group>"; };
		0EEA094E1C5657A0009E1FCB /* goodsHSeperator@2x.png */ = {isa = PBXFileReference; lastKnownFileType = image.png; path = "goodsHSeperator@2x.png"; sourceTree = "<group>"; };
		0EEA094F1C5657A0009E1FCB /* goodsNew@2x.png */ = {isa = PBXFileReference; lastKnownFileType = image.png; path = "goodsNew@2x.png"; sourceTree = "<group>"; };
		0EEA09501C5657A0009E1FCB /* goodsNew_d@2x.png */ = {isa = PBXFileReference; lastKnownFileType = image.png; path = "goodsNew_d@2x.png"; sourceTree = "<group>"; };
		0EEA09511C5657A0009E1FCB /* goodsPrice@2x.png */ = {isa = PBXFileReference; lastKnownFileType = image.png; path = "goodsPrice@2x.png"; sourceTree = "<group>"; };
		0EEA09521C5657A0009E1FCB /* goodsPrice_d@2x.png */ = {isa = PBXFileReference; lastKnownFileType = image.png; path = "goodsPrice_d@2x.png"; sourceTree = "<group>"; };
		0EEA09531C5657A0009E1FCB /* tabbarBk@2x.png */ = {isa = PBXFileReference; lastKnownFileType = image.png; path = "tabbarBk@2x.png"; sourceTree = "<group>"; };
		0EEA09951C5697C0009E1FCB /* libsqlite3.tbd */ = {isa = PBXFileReference; lastKnownFileType = "sourcecode.text-based-dylib-definition"; name = libsqlite3.tbd; path = usr/lib/libsqlite3.tbd; sourceTree = SDKROOT; };
		0EEA09971C5697D1009E1FCB /* SystemConfiguration.framework */ = {isa = PBXFileReference; lastKnownFileType = wrapper.framework; name = SystemConfiguration.framework; path = System/Library/Frameworks/SystemConfiguration.framework; sourceTree = SDKROOT; };
		0EEA09991C5697EA009E1FCB /* CoreTelephony.framework */ = {isa = PBXFileReference; lastKnownFileType = wrapper.framework; name = CoreTelephony.framework; path = System/Library/Frameworks/CoreTelephony.framework; sourceTree = SDKROOT; };
		0EEA099B1C5697FD009E1FCB /* Security.framework */ = {isa = PBXFileReference; lastKnownFileType = wrapper.framework; name = Security.framework; path = System/Library/Frameworks/Security.framework; sourceTree = SDKROOT; };
		0EEA099D1C56981C009E1FCB /* libz.tbd */ = {isa = PBXFileReference; lastKnownFileType = "sourcecode.text-based-dylib-definition"; name = libz.tbd; path = usr/lib/libz.tbd; sourceTree = SDKROOT; };
		0EEA099F1C569829009E1FCB /* libstdc++.tbd */ = {isa = PBXFileReference; lastKnownFileType = "sourcecode.text-based-dylib-definition"; name = "libstdc++.tbd"; path = "usr/lib/libstdc++.tbd"; sourceTree = SDKROOT; };
		37981587266623B878B167FE /* Pods-GPAQuery.debug.xcconfig */ = {isa = PBXFileReference; includeInIndex = 1; lastKnownFileType = text.xcconfig; name = "Pods-GPAQuery.debug.xcconfig"; path = "Pods/Target Support Files/Pods-GPAQuery/Pods-GPAQuery.debug.xcconfig"; sourceTree = "<group>"; };
		D279EB53854A6D9BE4A0D8A7 /* Pods_GPAQuery.framework */ = {isa = PBXFileReference; explicitFileType = wrapper.framework; includeInIndex = 0; path = Pods_GPAQuery.framework; sourceTree = BUILT_PRODUCTS_DIR; };
		FBA7954FDECAAA9C48A191B4 /* Pods-GPAQuery.release.xcconfig */ = {isa = PBXFileReference; includeInIndex = 1; lastKnownFileType = text.xcconfig; name = "Pods-GPAQuery.release.xcconfig"; path = "Pods/Target Support Files/Pods-GPAQuery/Pods-GPAQuery.release.xcconfig"; sourceTree = "<group>"; };
/* End PBXFileReference section */

/* Begin PBXFrameworksBuildPhase section */
		0EB458811C2274F20040AE70 /* Frameworks */ = {
			isa = PBXFrameworksBuildPhase;
			buildActionMask = 2147483647;
			files = (
				0EEA09A01C569829009E1FCB /* libstdc++.tbd in Frameworks */,
				0EEA099E1C56981C009E1FCB /* libz.tbd in Frameworks */,
				0EEA099C1C5697FD009E1FCB /* Security.framework in Frameworks */,
				0EEA099A1C5697EA009E1FCB /* CoreTelephony.framework in Frameworks */,
				0EEA09981C5697D1009E1FCB /* SystemConfiguration.framework in Frameworks */,
				0EEA09961C5697C0009E1FCB /* libsqlite3.tbd in Frameworks */,
				C0073C90B9978CFD8D3C9910 /* Pods_GPAQuery.framework in Frameworks */,
			);
			runOnlyForDeploymentPostprocessing = 0;
		};
		0EB4589A1C2274F20040AE70 /* Frameworks */ = {
			isa = PBXFrameworksBuildPhase;
			buildActionMask = 2147483647;
			files = (
			);
			runOnlyForDeploymentPostprocessing = 0;
		};
		0EB458A51C2274F20040AE70 /* Frameworks */ = {
			isa = PBXFrameworksBuildPhase;
			buildActionMask = 2147483647;
			files = (
			);
			runOnlyForDeploymentPostprocessing = 0;
		};
/* End PBXFrameworksBuildPhase section */

/* Begin PBXGroup section */
		0E1575F01C50ECE300784B30 /* Module */ = {
			isa = PBXGroup;
			children = (
				0EEA09131C563551009E1FCB /* Vendor */,
				0EEA09101C56353B009E1FCB /* BaseViewController.h */,
				0EEA09111C56353B009E1FCB /* BaseViewController.m */,
				0E1576111C512AF600784B30 /* Login */,
				0E15760D1C51082A00784B30 /* ScoreStats */,
				0E1576091C51072500784B30 /* CoursesChart */,
				0E1576051C51051200784B30 /* Courses */,
				0E1575F11C50ECE300784B30 /* StudentInformation */,
				0EEA09481C564DCE009E1FCB /* SlideTabViewController.h */,
				0EEA09491C564DCE009E1FCB /* SlideTabViewController.m */,
			);
			path = Module;
			sourceTree = "<group>";
		};
		0E1575F11C50ECE300784B30 /* StudentInformation */ = {
			isa = PBXGroup;
			children = (
				0E1575F21C50ECE300784B30 /* StudentHeader.h */,
				0E1575F31C50ECE300784B30 /* StudentHeader.m */,
				0E1575F41C50ECE300784B30 /* StudentHeader.xib */,
				0E1575F51C50ECE300784B30 /* StudentInformationViewController.h */,
				0E1575F61C50ECE300784B30 /* StudentInformationViewController.m */,
				0E1575FA1C50EE0700784B30 /* StudentInformationCell.h */,
				0E1575FB1C50EE0700784B30 /* StudentInformationCell.m */,
				0E1576181C512D3000784B30 /* StudentInformationCell.xib */,
			);
			path = StudentInformation;
			sourceTree = "<group>";
		};
		0E1576051C51051200784B30 /* Courses */ = {
			isa = PBXGroup;
			children = (
				0E1576061C51053900784B30 /* CoursesTableController.h */,
				0E1576071C51053900784B30 /* CoursesTableController.m */,
				0E15761D1C513C1700784B30 /* CourseTableCell.h */,
				0E15761E1C513C1700784B30 /* CourseTableCell.m */,
				0E15761F1C513C1700784B30 /* CourseTableCell.xib */,
				0E1576221C513D0E00784B30 /* CourseTableHeaderCell.h */,
				0E1576231C513D0E00784B30 /* CourseTableHeaderCell.m */,
				0E1576241C513D0E00784B30 /* CourseTableHeaderCell.xib */,
			);
			path = Courses;
			sourceTree = "<group>";
		};
		0E1576091C51072500784B30 /* CoursesChart */ = {
			isa = PBXGroup;
			children = (
				0E15760A1C51073A00784B30 /* CoursesChartController.h */,
				0E15760B1C51073A00784B30 /* CoursesChartController.m */,
			);
			path = CoursesChart;
			sourceTree = "<group>";
		};
		0E15760D1C51082A00784B30 /* ScoreStats */ = {
			isa = PBXGroup;
			children = (
				0E15760E1C51083F00784B30 /* ScoreStatsController.h */,
				0E15760F1C51083F00784B30 /* ScoreStatsController.m */,
			);
			path = ScoreStats;
			sourceTree = "<group>";
		};
		0E1576111C512AF600784B30 /* Login */ = {
			isa = PBXGroup;
			children = (
				0E1576121C512AF600784B30 /* LogInViewController.h */,
				0E1576131C512AF600784B30 /* LogInViewController.m */,
				0E822FDB1C560ABB00B9AF76 /* UIImageView+PlaceHolderSpinner.h */,
				0E822FDC1C560ABB00B9AF76 /* UIImageView+PlaceHolderSpinner.m */,
			);
			path = Login;
			sourceTree = "<group>";
		};
		0E68863F1C4A807E00455868 /* Application */ = {
			isa = PBXGroup;
			children = (
				0E6886481C4A835F00455868 /* Info.plist */,
				0E6886401C4A807E00455868 /* AppDelegate.h */,
				0E6886411C4A807E00455868 /* AppDelegate.m */,
				0E6886431C4A807E00455868 /* main.m */,
				0E68864C1C4A868800455868 /* SYNUAPI.h */,
				0E68864D1C4A868800455868 /* SYNUAPI.m */,
				0E0751A11C54F7A10076C32A /* GPAQuery-Swift.h */,
				0EEA090E1C562CE3009E1FCB /* GPADescription.plist */,
			);
			path = Application;
			sourceTree = "<group>";
		};
		0EACAB951C2DAA1800EF7261 /* App */ = {
			isa = PBXGroup;
			children = (
				0E68863F1C4A807E00455868 /* Application */,
				0EACAB961C2DAA1800EF7261 /* Helper */,
				0EACAB971C2DAA1800EF7261 /* Model */,
				0E1575F01C50ECE300784B30 /* Module */,
			);
			path = App;
			sourceTree = "<group>";
		};
		0EACAB961C2DAA1800EF7261 /* Helper */ = {
			isa = PBXGroup;
			children = (
				0E1576001C5103EB00784B30 /* NSObject+Unicode.h */,
				0E1576011C5103EB00784B30 /* NSObject+Unicode.m */,
				0E93B0821C4E7505006C8484 /* NSObject+Description.h */,
				0E93B0831C4E7505006C8484 /* NSObject+Description.m */,
				0EC6DD1D1C4DF0EB00041CA4 /* TouchXML */,
				0EACAB9F1C2DAAD700EF7261 /* NetUtil.h */,
				0EACABA01C2DAAD700EF7261 /* NetUtil.m */,
				0E93B07F1C4E737E006C8484 /* CXHTMLDocument+StringValueForXPath.h */,
				0E93B0801C4E737E006C8484 /* CXHTMLDocument+StringValueForXPath.m */,
				0ED66D321C5096A0002DD95F /* Helper.h */,
				0ED66D331C5096A0002DD95F /* Helper.m */,
				0E1575FD1C50F36A00784B30 /* NetUtil+SYNUNetWorking.h */,
				0E1575FE1C50F36A00784B30 /* NetUtil+SYNUNetWorking.m */,
				0E822FD51C55F6D900B9AF76 /* SpinnerHud.h */,
				0E822FD61C55F6D900B9AF76 /* SpinnerHud.m */,
				0E822FD81C56076000B9AF76 /* MBProgressHUD+TextMsg.h */,
				0E822FD91C56076000B9AF76 /* MBProgressHUD+TextMsg.m */,
				0EE203931C576CF0000999AF /* OBJ2ExcelHelper.h */,
				0EE203941C576CF0000999AF /* OBJ2ExcelHelper.m */,
			);
			path = Helper;
			sourceTree = "<group>";
		};
		0EACAB971C2DAA1800EF7261 /* Model */ = {
			isa = PBXGroup;
			children = (
				0EACAB991C2DAA6600EF7261 /* Student.h */,
				0EACAB9A1C2DAA6600EF7261 /* Student.m */,
				0EACAB9C1C2DAA9700EF7261 /* Course.h */,
				0EACAB9D1C2DAA9700EF7261 /* Course.m */,
				0E531EA11C4FE01500B0E5B2 /* ScoreStats.h */,
				0E531EA21C4FE01500B0E5B2 /* ScoreStats.m */,
			);
			path = Model;
			sourceTree = "<group>";
		};
		0EB4587B1C2274F10040AE70 = {
			isa = PBXGroup;
			children = (
				0EB458861C2274F20040AE70 /* GPAQuery */,
				0EB458A01C2274F20040AE70 /* GPAQueryTests */,
				0EB458AB1C2274F20040AE70 /* GPAQueryUITests */,
				0EB458851C2274F20040AE70 /* Products */,
				1B87FC14DBA93D8C06F8F8B3 /* Pods */,
				33103213DD522F59140CBF28 /* Frameworks */,
			);
			sourceTree = "<group>";
		};
		0EB458851C2274F20040AE70 /* Products */ = {
			isa = PBXGroup;
			children = (
				0EB458841C2274F20040AE70 /* GPAQuery.app */,
				0EB4589D1C2274F20040AE70 /* GPAQueryTests.xctest */,
				0EB458A81C2274F20040AE70 /* GPAQueryUITests.xctest */,
			);
			name = Products;
			sourceTree = "<group>";
		};
		0EB458861C2274F20040AE70 /* GPAQuery */ = {
			isa = PBXGroup;
			children = (
				0EACAB951C2DAA1800EF7261 /* App */,
				0EB458901C2274F20040AE70 /* Main.storyboard */,
				0EB458931C2274F20040AE70 /* Assets.xcassets */,
				0EB458951C2274F20040AE70 /* LaunchScreen.storyboard */,
				0EEA094B1C5657A0009E1FCB /* Resource */,
				0EB458871C2274F20040AE70 /* Supporting Files */,
			);
			path = GPAQuery;
			sourceTree = "<group>";
		};
		0EB458871C2274F20040AE70 /* Supporting Files */ = {
			isa = PBXGroup;
			children = (
			);
			name = "Supporting Files";
			sourceTree = "<group>";
		};
		0EB458A01C2274F20040AE70 /* GPAQueryTests */ = {
			isa = PBXGroup;
			children = (
				0EB458A11C2274F20040AE70 /* GPAQueryTests.m */,
				0EB458A31C2274F20040AE70 /* Info.plist */,
			);
			path = GPAQueryTests;
			sourceTree = "<group>";
		};
		0EB458AB1C2274F20040AE70 /* GPAQueryUITests */ = {
			isa = PBXGroup;
			children = (
				0EB458AC1C2274F20040AE70 /* GPAQueryUITests.m */,
				0EB458AE1C2274F20040AE70 /* Info.plist */,
			);
			path = GPAQueryUITests;
			sourceTree = "<group>";
		};
		0EC6DD1D1C4DF0EB00041CA4 /* TouchXML */ = {
			isa = PBXGroup;
			children = (
				0EC6DD1E1C4DF0EB00041CA4 /* Creation */,
				0EC6DD231C4DF0EB00041CA4 /* CXHTMLDocument.h */,
				0EC6DD241C4DF0EB00041CA4 /* CXHTMLDocument.m */,
				0EC6DD251C4DF0EB00041CA4 /* CXMLDocument.h */,
				0EC6DD261C4DF0EB00041CA4 /* CXMLDocument.m */,
				0EC6DD271C4DF0EB00041CA4 /* CXMLDocument_PrivateExtensions.h */,
				0EC6DD281C4DF0EB00041CA4 /* CXMLDocument_PrivateExtensions.m */,
				0EC6DD291C4DF0EB00041CA4 /* CXMLElement.h */,
				0EC6DD2A1C4DF0EB00041CA4 /* CXMLElement.m */,
				0EC6DD2B1C4DF0EB00041CA4 /* CXMLElement_CreationExtensions.h */,
				0EC6DD2C1C4DF0EB00041CA4 /* CXMLElement_CreationExtensions.m */,
				0EC6DD2D1C4DF0EB00041CA4 /* CXMLElement_ElementTreeExtensions.h */,
				0EC6DD2E1C4DF0EB00041CA4 /* CXMLElement_ElementTreeExtensions.m */,
				0EC6DD2F1C4DF0EB00041CA4 /* CXMLNamespaceNode.h */,
				0EC6DD301C4DF0EB00041CA4 /* CXMLNamespaceNode.m */,
				0EC6DD311C4DF0EB00041CA4 /* CXMLNode.h */,
				0EC6DD321C4DF0EB00041CA4 /* CXMLNode.m */,
				0EC6DD331C4DF0EB00041CA4 /* CXMLNode_PrivateExtensions.h */,
				0EC6DD341C4DF0EB00041CA4 /* CXMLNode_PrivateExtensions.m */,
				0EC6DD351C4DF0EB00041CA4 /* CXMLNode_XPathExtensions.h */,
				0EC6DD361C4DF0EB00041CA4 /* CXMLNode_XPathExtensions.m */,
				0EC6DD371C4DF0EB00041CA4 /* CXMLUnsupportedNode.h */,
				0EC6DD381C4DF0EB00041CA4 /* CXMLUnsupportedNode.m */,
				0EC6DD391C4DF0EB00041CA4 /* Tidy */,
				0EC6DD3C1C4DF0EB00041CA4 /* TouchXML.h */,
			);
			path = TouchXML;
			sourceTree = "<group>";
		};
		0EC6DD1E1C4DF0EB00041CA4 /* Creation */ = {
			isa = PBXGroup;
			children = (
				0EC6DD1F1C4DF0EB00041CA4 /* CXMLDocument_CreationExtensions.h */,
				0EC6DD201C4DF0EB00041CA4 /* CXMLDocument_CreationExtensions.m */,
				0EC6DD211C4DF0EB00041CA4 /* CXMLNode_CreationExtensions.h */,
				0EC6DD221C4DF0EB00041CA4 /* CXMLNode_CreationExtensions.m */,
			);
			path = Creation;
			sourceTree = "<group>";
		};
		0EC6DD391C4DF0EB00041CA4 /* Tidy */ = {
			isa = PBXGroup;
			children = (
				0EC6DD3A1C4DF0EB00041CA4 /* CTidy.h */,
				0EC6DD3B1C4DF0EB00041CA4 /* CTidy.m */,
			);
			path = Tidy;
			sourceTree = "<group>";
		};
		0EEA09131C563551009E1FCB /* Vendor */ = {
			isa = PBXGroup;
			children = (
				0EEA09141C563551009E1FCB /* DLSlideView */,
			);
			path = Vendor;
			sourceTree = "<group>";
		};
		0EEA09141C563551009E1FCB /* DLSlideView */ = {
			isa = PBXGroup;
			children = (
				0EEA09151C563551009E1FCB /* DLCache */,
				0EEA09191C563551009E1FCB /* DLCustomSlideView.h */,
				0EEA091A1C563551009E1FCB /* DLCustomSlideView.m */,
				0EEA091B1C563551009E1FCB /* DLSlideView.h */,
				0EEA091C1C563551009E1FCB /* DLSlideView.m */,
				0EEA091D1C563551009E1FCB /* DLTabbarView */,
				0EEA09231C563551009E1FCB /* DLTabedSlideView.h */,
				0EEA09241C563551009E1FCB /* DLTabedSlideView.m */,
				0EEA09251C563551009E1FCB /* DLUtility.h */,
				0EEA09261C563551009E1FCB /* DLUtility.m */,
			);
			path = DLSlideView;
			sourceTree = "<group>";
		};
		0EEA09151C563551009E1FCB /* DLCache */ = {
			isa = PBXGroup;
			children = (
				0EEA09161C563551009E1FCB /* DLCacheProtocol.h */,
				0EEA09171C563551009E1FCB /* DLLRUCache.h */,
				0EEA09181C563551009E1FCB /* DLLRUCache.m */,
			);
			path = DLCache;
			sourceTree = "<group>";
		};
		0EEA091D1C563551009E1FCB /* DLTabbarView */ = {
			isa = PBXGroup;
			children = (
				0EEA091E1C563551009E1FCB /* DLFixedTabbarView.h */,
				0EEA091F1C563551009E1FCB /* DLFixedTabbarView.m */,
				0EEA09201C563551009E1FCB /* DLScrollTabbarView.h */,
				0EEA09211C563551009E1FCB /* DLScrollTabbarView.m */,
				0EEA09221C563551009E1FCB /* DLSlideTabbarProtocol.h */,
			);
			path = DLTabbarView;
			sourceTree = "<group>";
		};
		0EEA094B1C5657A0009E1FCB /* Resource */ = {
			isa = PBXGroup;
			children = (
				0EEA094C1C5657A0009E1FCB /* goodsHot@2x.png */,
				0EEA094D1C5657A0009E1FCB /* goodsHot_d@2x.png */,
				0EEA094E1C5657A0009E1FCB /* goodsHSeperator@2x.png */,
				0EEA094F1C5657A0009E1FCB /* goodsNew@2x.png */,
				0EEA09501C5657A0009E1FCB /* goodsNew_d@2x.png */,
				0EEA09511C5657A0009E1FCB /* goodsPrice@2x.png */,
				0EEA09521C5657A0009E1FCB /* goodsPrice_d@2x.png */,
				0EEA09531C5657A0009E1FCB /* tabbarBk@2x.png */,
			);
			path = Resource;
			sourceTree = "<group>";
		};
		1B87FC14DBA93D8C06F8F8B3 /* Pods */ = {
			isa = PBXGroup;
			children = (
				37981587266623B878B167FE /* Pods-GPAQuery.debug.xcconfig */,
				FBA7954FDECAAA9C48A191B4 /* Pods-GPAQuery.release.xcconfig */,
			);
			name = Pods;
			sourceTree = "<group>";
		};
		33103213DD522F59140CBF28 /* Frameworks */ = {
			isa = PBXGroup;
			children = (
				0EEA099F1C569829009E1FCB /* libstdc++.tbd */,
				0EEA099D1C56981C009E1FCB /* libz.tbd */,
				0EEA099B1C5697FD009E1FCB /* Security.framework */,
				0EEA09991C5697EA009E1FCB /* CoreTelephony.framework */,
				0EEA09971C5697D1009E1FCB /* SystemConfiguration.framework */,
				0EEA09951C5697C0009E1FCB /* libsqlite3.tbd */,
				0E872B8E1C4B472D00CE2743 /* libxml2.2.tbd */,
				0E872B8C1C4B471500CE2743 /* libxml2.tbd */,
				0E872B861C4B3DC900CE2743 /* libiconv.2.tbd */,
				D279EB53854A6D9BE4A0D8A7 /* Pods_GPAQuery.framework */,
			);
			name = Frameworks;
			sourceTree = "<group>";
		};
/* End PBXGroup section */

/* Begin PBXNativeTarget section */
		0EB458831C2274F20040AE70 /* GPAQuery */ = {
			isa = PBXNativeTarget;
			buildConfigurationList = 0EB458B11C2274F20040AE70 /* Build configuration list for PBXNativeTarget "GPAQuery" */;
			buildPhases = (
				B08773EACED4C6CAA6FBB078 /* Check Pods Manifest.lock */,
				0EB458801C2274F20040AE70 /* Sources */,
				0EB458821C2274F20040AE70 /* Resources */,
				0EB458811C2274F20040AE70 /* Frameworks */,
				06ADB47DC3D65BF3374792A7 /* Embed Pods Frameworks */,
				A5B105446BA27CFB5EBCB0D8 /* Copy Pods Resources */,
			);
			buildRules = (
			);
			dependencies = (
			);
			name = GPAQuery;
			productName = GPAQuery;
			productReference = 0EB458841C2274F20040AE70 /* GPAQuery.app */;
			productType = "com.apple.product-type.application";
		};
		0EB4589C1C2274F20040AE70 /* GPAQueryTests */ = {
			isa = PBXNativeTarget;
			buildConfigurationList = 0EB458B41C2274F20040AE70 /* Build configuration list for PBXNativeTarget "GPAQueryTests" */;
			buildPhases = (
				0EB458991C2274F20040AE70 /* Sources */,
				0EB4589A1C2274F20040AE70 /* Frameworks */,
				0EB4589B1C2274F20040AE70 /* Resources */,
			);
			buildRules = (
			);
			dependencies = (
				0EB4589F1C2274F20040AE70 /* PBXTargetDependency */,
			);
			name = GPAQueryTests;
			productName = GPAQueryTests;
			productReference = 0EB4589D1C2274F20040AE70 /* GPAQueryTests.xctest */;
			productType = "com.apple.product-type.bundle.unit-test";
		};
		0EB458A71C2274F20040AE70 /* GPAQueryUITests */ = {
			isa = PBXNativeTarget;
			buildConfigurationList = 0EB458B71C2274F20040AE70 /* Build configuration list for PBXNativeTarget "GPAQueryUITests" */;
			buildPhases = (
				0EB458A41C2274F20040AE70 /* Sources */,
				0EB458A51C2274F20040AE70 /* Frameworks */,
				0EB458A61C2274F20040AE70 /* Resources */,
			);
			buildRules = (
			);
			dependencies = (
				0EB458AA1C2274F20040AE70 /* PBXTargetDependency */,
			);
			name = GPAQueryUITests;
			productName = GPAQueryUITests;
			productReference = 0EB458A81C2274F20040AE70 /* GPAQueryUITests.xctest */;
			productType = "com.apple.product-type.bundle.ui-testing";
		};
/* End PBXNativeTarget section */

/* Begin PBXProject section */
		0EB4587C1C2274F20040AE70 /* Project object */ = {
			isa = PBXProject;
			attributes = {
				LastUpgradeCheck = 0720;
				ORGANIZATIONNAME = pi;
				TargetAttributes = {
					0EB458831C2274F20040AE70 = {
						CreatedOnToolsVersion = 7.2;
						DevelopmentTeam = NK43D9F8MS;
					};
					0EB4589C1C2274F20040AE70 = {
						CreatedOnToolsVersion = 7.2;
						DevelopmentTeam = NK43D9F8MS;
						TestTargetID = 0EB458831C2274F20040AE70;
					};
					0EB458A71C2274F20040AE70 = {
						CreatedOnToolsVersion = 7.2;
						DevelopmentTeam = NK43D9F8MS;
						TestTargetID = 0EB458831C2274F20040AE70;
					};
				};
			};
			buildConfigurationList = 0EB4587F1C2274F20040AE70 /* Build configuration list for PBXProject "GPAQuery" */;
			compatibilityVersion = "Xcode 3.2";
			developmentRegion = English;
			hasScannedForEncodings = 0;
			knownRegions = (
				en,
				Base,
				"zh-Hans",
			);
			mainGroup = 0EB4587B1C2274F10040AE70;
			productRefGroup = 0EB458851C2274F20040AE70 /* Products */;
			projectDirPath = "";
			projectRoot = "";
			targets = (
				0EB458831C2274F20040AE70 /* GPAQuery */,
				0EB4589C1C2274F20040AE70 /* GPAQueryTests */,
				0EB458A71C2274F20040AE70 /* GPAQueryUITests */,
			);
		};
/* End PBXProject section */

/* Begin PBXResourcesBuildPhase section */
		0EB458821C2274F20040AE70 /* Resources */ = {
			isa = PBXResourcesBuildPhase;
			buildActionMask = 2147483647;
			files = (
				0EEA09561C5657A0009E1FCB /* goodsHSeperator@2x.png in Resources */,
				0E6886491C4A835F00455868 /* Info.plist in Resources */,
				0EEA095A1C5657A0009E1FCB /* goodsPrice_d@2x.png in Resources */,
				0EB458971C2274F20040AE70 /* LaunchScreen.storyboard in Resources */,
				0EEA09581C5657A0009E1FCB /* goodsNew_d@2x.png in Resources */,
				0E1576211C513C1700784B30 /* CourseTableCell.xib in Resources */,
				0EEA09551C5657A0009E1FCB /* goodsHot_d@2x.png in Resources */,
				0EEA09571C5657A0009E1FCB /* goodsNew@2x.png in Resources */,
				0EEA09541C5657A0009E1FCB /* goodsHot@2x.png in Resources */,
				0E1576191C512D3000784B30 /* StudentInformationCell.xib in Resources */,
				0E1576261C513D0E00784B30 /* CourseTableHeaderCell.xib in Resources */,
				0EEA095B1C5657A0009E1FCB /* tabbarBk@2x.png in Resources */,
				0EB458941C2274F20040AE70 /* Assets.xcassets in Resources */,
				0EB458921C2274F20040AE70 /* Main.storyboard in Resources */,
				0E1575F81C50ECE300784B30 /* StudentHeader.xib in Resources */,
				0EEA090F1C562CE3009E1FCB /* GPADescription.plist in Resources */,
				0EEA09591C5657A0009E1FCB /* goodsPrice@2x.png in Resources */,
			);
			runOnlyForDeploymentPostprocessing = 0;
		};
		0EB4589B1C2274F20040AE70 /* Resources */ = {
			isa = PBXResourcesBuildPhase;
			buildActionMask = 2147483647;
			files = (
			);
			runOnlyForDeploymentPostprocessing = 0;
		};
		0EB458A61C2274F20040AE70 /* Resources */ = {
			isa = PBXResourcesBuildPhase;
			buildActionMask = 2147483647;
			files = (
			);
			runOnlyForDeploymentPostprocessing = 0;
		};
/* End PBXResourcesBuildPhase section */

/* Begin PBXShellScriptBuildPhase section */
		06ADB47DC3D65BF3374792A7 /* Embed Pods Frameworks */ = {
			isa = PBXShellScriptBuildPhase;
			buildActionMask = 2147483647;
			files = (
			);
			inputPaths = (
			);
			name = "Embed Pods Frameworks";
			outputPaths = (
			);
			runOnlyForDeploymentPostprocessing = 0;
			shellPath = /bin/sh;
			shellScript = "\"${SRCROOT}/Pods/Target Support Files/Pods-GPAQuery/Pods-GPAQuery-frameworks.sh\"\n";
			showEnvVarsInLog = 0;
		};
		A5B105446BA27CFB5EBCB0D8 /* Copy Pods Resources */ = {
			isa = PBXShellScriptBuildPhase;
			buildActionMask = 2147483647;
			files = (
			);
			inputPaths = (
			);
			name = "Copy Pods Resources";
			outputPaths = (
			);
			runOnlyForDeploymentPostprocessing = 0;
			shellPath = /bin/sh;
			shellScript = "\"${SRCROOT}/Pods/Target Support Files/Pods-GPAQuery/Pods-GPAQuery-resources.sh\"\n";
			showEnvVarsInLog = 0;
		};
		B08773EACED4C6CAA6FBB078 /* Check Pods Manifest.lock */ = {
			isa = PBXShellScriptBuildPhase;
			buildActionMask = 2147483647;
			files = (
			);
			inputPaths = (
			);
			name = "Check Pods Manifest.lock";
			outputPaths = (
			);
			runOnlyForDeploymentPostprocessing = 0;
			shellPath = /bin/sh;
			shellScript = "diff \"${PODS_ROOT}/../Podfile.lock\" \"${PODS_ROOT}/Manifest.lock\" > /dev/null\nif [[ $? != 0 ]] ; then\n    cat << EOM\nerror: The sandbox is not in sync with the Podfile.lock. Run 'pod install' or update your CocoaPods installation.\nEOM\n    exit 1\nfi\n";
			showEnvVarsInLog = 0;
		};
/* End PBXShellScriptBuildPhase section */

/* Begin PBXSourcesBuildPhase section */
		0EB458801C2274F20040AE70 /* Sources */ = {
			isa = PBXSourcesBuildPhase;
			buildActionMask = 2147483647;
			files = (
				0EC6DD411C4DF0EB00041CA4 /* CXMLDocument_PrivateExtensions.m in Sources */,
				0EC6DD471C4DF0EB00041CA4 /* CXMLNode_PrivateExtensions.m in Sources */,
				0E531EA31C4FE01500B0E5B2 /* ScoreStats.m in Sources */,
				0E1576081C51053900784B30 /* CoursesTableController.m in Sources */,
				0EC6DD451C4DF0EB00041CA4 /* CXMLNamespaceNode.m in Sources */,
				0EC6DD491C4DF0EB00041CA4 /* CXMLUnsupportedNode.m in Sources */,
				0EEA09271C563551009E1FCB /* DLLRUCache.m in Sources */,
				0EC6DD421C4DF0EB00041CA4 /* CXMLElement.m in Sources */,
				0EC6DD481C4DF0EB00041CA4 /* CXMLNode_XPathExtensions.m in Sources */,
				0EC6DD3D1C4DF0EB00041CA4 /* CXMLDocument_CreationExtensions.m in Sources */,
				0E1575FF1C50F36A00784B30 /* NetUtil+SYNUNetWorking.m in Sources */,
				0E1576101C51083F00784B30 /* ScoreStatsController.m in Sources */,
				0E822FDD1C560ABB00B9AF76 /* UIImageView+PlaceHolderSpinner.m in Sources */,
				0E93B0841C4E7505006C8484 /* NSObject+Description.m in Sources */,
				0EACABA11C2DAAD700EF7261 /* NetUtil.m in Sources */,
				0E93B0811C4E737E006C8484 /* CXHTMLDocument+StringValueForXPath.m in Sources */,
				0E1576201C513C1700784B30 /* CourseTableCell.m in Sources */,
				0E822FDA1C56076000B9AF76 /* MBProgressHUD+TextMsg.m in Sources */,
				0EC6DD431C4DF0EB00041CA4 /* CXMLElement_CreationExtensions.m in Sources */,
				0E6886441C4A807E00455868 /* AppDelegate.m in Sources */,
				0EC6DD3E1C4DF0EB00041CA4 /* CXMLNode_CreationExtensions.m in Sources */,
				0EC6DD4A1C4DF0EB00041CA4 /* CTidy.m in Sources */,
				0EACAB9B1C2DAA6600EF7261 /* Student.m in Sources */,
				0EEA09121C56353B009E1FCB /* BaseViewController.m in Sources */,
				0EC6DD441C4DF0EB00041CA4 /* CXMLElement_ElementTreeExtensions.m in Sources */,
				0EEA092B1C563551009E1FCB /* DLScrollTabbarView.m in Sources */,
				0EE203951C576CF0000999AF /* OBJ2ExcelHelper.m in Sources */,
				0EEA092D1C563551009E1FCB /* DLUtility.m in Sources */,
				0E68864E1C4A868800455868 /* SYNUAPI.m in Sources */,
				0E1575FC1C50EE0700784B30 /* StudentInformationCell.m in Sources */,
				0EEA09281C563551009E1FCB /* DLCustomSlideView.m in Sources */,
				0EEA09291C563551009E1FCB /* DLSlideView.m in Sources */,
				0E1576251C513D0E00784B30 /* CourseTableHeaderCell.m in Sources */,
				0EC6DD401C4DF0EB00041CA4 /* CXMLDocument.m in Sources */,
				0E822FD71C55F6D900B9AF76 /* SpinnerHud.m in Sources */,
				0EEA092A1C563551009E1FCB /* DLFixedTabbarView.m in Sources */,
				0E1575F91C50ECE300784B30 /* StudentInformationViewController.m in Sources */,
				0E15760C1C51073A00784B30 /* CoursesChartController.m in Sources */,
				0EEA092C1C563551009E1FCB /* DLTabedSlideView.m in Sources */,
				0E6886461C4A807E00455868 /* main.m in Sources */,
				0E1575F71C50ECE300784B30 /* StudentHeader.m in Sources */,
				0E1576021C5103EB00784B30 /* NSObject+Unicode.m in Sources */,
				0EC6DD3F1C4DF0EB00041CA4 /* CXHTMLDocument.m in Sources */,
				0E1576141C512AF600784B30 /* LogInViewController.m in Sources */,
				0EEA094A1C564DCE009E1FCB /* SlideTabViewController.m in Sources */,
				0EACAB9E1C2DAA9700EF7261 /* Course.m in Sources */,
				0EC6DD461C4DF0EB00041CA4 /* CXMLNode.m in Sources */,
				0ED66D341C5096A0002DD95F /* Helper.m in Sources */,
			);
			runOnlyForDeploymentPostprocessing = 0;
		};
		0EB458991C2274F20040AE70 /* Sources */ = {
			isa = PBXSourcesBuildPhase;
			buildActionMask = 2147483647;
			files = (
				0EB458A21C2274F20040AE70 /* GPAQueryTests.m in Sources */,
			);
			runOnlyForDeploymentPostprocessing = 0;
		};
		0EB458A41C2274F20040AE70 /* Sources */ = {
			isa = PBXSourcesBuildPhase;
			buildActionMask = 2147483647;
			files = (
				0EB458AD1C2274F20040AE70 /* GPAQueryUITests.m in Sources */,
			);
			runOnlyForDeploymentPostprocessing = 0;
		};
/* End PBXSourcesBuildPhase section */

/* Begin PBXTargetDependency section */
		0EB4589F1C2274F20040AE70 /* PBXTargetDependency */ = {
			isa = PBXTargetDependency;
			target = 0EB458831C2274F20040AE70 /* GPAQuery */;
			targetProxy = 0EB4589E1C2274F20040AE70 /* PBXContainerItemProxy */;
		};
		0EB458AA1C2274F20040AE70 /* PBXTargetDependency */ = {
			isa = PBXTargetDependency;
			target = 0EB458831C2274F20040AE70 /* GPAQuery */;
			targetProxy = 0EB458A91C2274F20040AE70 /* PBXContainerItemProxy */;
		};
/* End PBXTargetDependency section */

/* Begin PBXVariantGroup section */
		0EB458901C2274F20040AE70 /* Main.storyboard */ = {
			isa = PBXVariantGroup;
			children = (
				0EB458911C2274F20040AE70 /* Base */,
			);
			name = Main.storyboard;
			sourceTree = "<group>";
		};
		0EB458951C2274F20040AE70 /* LaunchScreen.storyboard */ = {
			isa = PBXVariantGroup;
			children = (
				0EB458961C2274F20040AE70 /* Base */,
			);
			name = LaunchScreen.storyboard;
			sourceTree = "<group>";
		};
/* End PBXVariantGroup section */

/* Begin XCBuildConfiguration section */
		0EB458AF1C2274F20040AE70 /* Debug */ = {
			isa = XCBuildConfiguration;
			buildSettings = {
				ALWAYS_SEARCH_USER_PATHS = NO;
				CLANG_CXX_LANGUAGE_STANDARD = "gnu++0x";
				CLANG_CXX_LIBRARY = "libc++";
				CLANG_ENABLE_MODULES = YES;
				CLANG_ENABLE_OBJC_ARC = YES;
				CLANG_WARN_BOOL_CONVERSION = YES;
				CLANG_WARN_CONSTANT_CONVERSION = YES;
				CLANG_WARN_DIRECT_OBJC_ISA_USAGE = YES_ERROR;
				CLANG_WARN_EMPTY_BODY = YES;
				CLANG_WARN_ENUM_CONVERSION = YES;
				CLANG_WARN_INT_CONVERSION = YES;
				CLANG_WARN_OBJC_ROOT_CLASS = YES_ERROR;
				CLANG_WARN_UNREACHABLE_CODE = YES;
				CLANG_WARN__DUPLICATE_METHOD_MATCH = YES;
				"CODE_SIGN_IDENTITY[sdk=iphoneos*]" = "iPhone Developer";
				COPY_PHASE_STRIP = NO;
				DEBUG_INFORMATION_FORMAT = dwarf;
				ENABLE_STRICT_OBJC_MSGSEND = YES;
				ENABLE_TESTABILITY = YES;
				GCC_C_LANGUAGE_STANDARD = gnu99;
				GCC_DYNAMIC_NO_PIC = NO;
				GCC_NO_COMMON_BLOCKS = YES;
				GCC_OPTIMIZATION_LEVEL = 0;
				GCC_PREPROCESSOR_DEFINITIONS = (
					"DEBUG=1",
					"$(inherited)",
				);
				GCC_WARN_64_TO_32_BIT_CONVERSION = YES;
				GCC_WARN_ABOUT_RETURN_TYPE = YES_ERROR;
				GCC_WARN_UNDECLARED_SELECTOR = YES;
				GCC_WARN_UNINITIALIZED_AUTOS = YES_AGGRESSIVE;
				GCC_WARN_UNUSED_FUNCTION = YES;
				GCC_WARN_UNUSED_VARIABLE = YES;
				IPHONEOS_DEPLOYMENT_TARGET = 9.2;
				MTL_ENABLE_DEBUG_INFO = YES;
				ONLY_ACTIVE_ARCH = YES;
				SDKROOT = iphoneos;
				TARGETED_DEVICE_FAMILY = "1,2";
			};
			name = Debug;
		};
		0EB458B01C2274F20040AE70 /* Release */ = {
			isa = XCBuildConfiguration;
			buildSettings = {
				ALWAYS_SEARCH_USER_PATHS = NO;
				CLANG_CXX_LANGUAGE_STANDARD = "gnu++0x";
				CLANG_CXX_LIBRARY = "libc++";
				CLANG_ENABLE_MODULES = YES;
				CLANG_ENABLE_OBJC_ARC = YES;
				CLANG_WARN_BOOL_CONVERSION = YES;
				CLANG_WARN_CONSTANT_CONVERSION = YES;
				CLANG_WARN_DIRECT_OBJC_ISA_USAGE = YES_ERROR;
				CLANG_WARN_EMPTY_BODY = YES;
				CLANG_WARN_ENUM_CONVERSION = YES;
				CLANG_WARN_INT_CONVERSION = YES;
				CLANG_WARN_OBJC_ROOT_CLASS = YES_ERROR;
				CLANG_WARN_UNREACHABLE_CODE = YES;
				CLANG_WARN__DUPLICATE_METHOD_MATCH = YES;
				"CODE_SIGN_IDENTITY[sdk=iphoneos*]" = "iPhone Developer";
				COPY_PHASE_STRIP = NO;
				DEBUG_INFORMATION_FORMAT = "dwarf-with-dsym";
				ENABLE_NS_ASSERTIONS = NO;
				ENABLE_STRICT_OBJC_MSGSEND = YES;
				GCC_C_LANGUAGE_STANDARD = gnu99;
				GCC_NO_COMMON_BLOCKS = YES;
				GCC_WARN_64_TO_32_BIT_CONVERSION = YES;
				GCC_WARN_ABOUT_RETURN_TYPE = YES_ERROR;
				GCC_WARN_UNDECLARED_SELECTOR = YES;
				GCC_WARN_UNINITIALIZED_AUTOS = YES_AGGRESSIVE;
				GCC_WARN_UNUSED_FUNCTION = YES;
				GCC_WARN_UNUSED_VARIABLE = YES;
				IPHONEOS_DEPLOYMENT_TARGET = 9.2;
				MTL_ENABLE_DEBUG_INFO = NO;
				SDKROOT = iphoneos;
				TARGETED_DEVICE_FAMILY = "1,2";
				VALIDATE_PRODUCT = YES;
			};
			name = Release;
		};
		0EB458B21C2274F20040AE70 /* Debug */ = {
			isa = XCBuildConfiguration;
			baseConfigurationReference = 37981587266623B878B167FE /* Pods-GPAQuery.debug.xcconfig */;
			buildSettings = {
				ASSETCATALOG_COMPILER_APPICON_NAME = AppIcon;
				CODE_SIGN_IDENTITY = "iPhone Developer: big.pi@icloud.com (C6QVXFR836)";
				FRAMEWORK_SEARCH_PATHS = "$(inherited)";
				HEADER_SEARCH_PATHS = (
					"$(inherited)",
					"\"${PODS_ROOT}/Headers/Public\"",
					"\"${PODS_ROOT}/Headers/Public/AFNetworking\"",
					/usr/include/libxml2,
				);
				INFOPLIST_FILE = GPAQuery/Info.plist;
				IPHONEOS_DEPLOYMENT_TARGET = 8.4;
				LD_RUNPATH_SEARCH_PATHS = "$(inherited) @executable_path/Frameworks";
				LIBRARY_SEARCH_PATHS = "$(inherited)";
				OTHER_LDFLAGS = (
					"$(inherited)",
					"-ObjC",
					"-framework",
					"\"MobileCoreServices\"",
					"-framework",
					"\"Security\"",
					"-framework",
					"\"CoreGraphics\"",
					"-framework",
					"\"SystemConfiguration\"",
					"-l\"xml2\"",
				);
				PRODUCT_BUNDLE_IDENTIFIER = BigPi.GPAQuery;
				PRODUCT_NAME = "$(TARGET_NAME)";
			};
			name = Debug;
		};
		0EB458B31C2274F20040AE70 /* Release */ = {
			isa = XCBuildConfiguration;
			baseConfigurationReference = FBA7954FDECAAA9C48A191B4 /* Pods-GPAQuery.release.xcconfig */;
			buildSettings = {
				ASSETCATALOG_COMPILER_APPICON_NAME = AppIcon;
				CODE_SIGN_IDENTITY = "iPhone Developer: big.pi@icloud.com (C6QVXFR836)";
				FRAMEWORK_SEARCH_PATHS = "$(inherited)";
				HEADER_SEARCH_PATHS = (
					"$(inherited)",
					"\"${PODS_ROOT}/Headers/Public\"",
					"\"${PODS_ROOT}/Headers/Public/AFNetworking\"",
					/usr/include/libxml2,
				);
				INFOPLIST_FILE = GPAQuery/Info.plist;
				IPHONEOS_DEPLOYMENT_TARGET = 8.4;
				LD_RUNPATH_SEARCH_PATHS = "$(inherited) @executable_path/Frameworks";
				LIBRARY_SEARCH_PATHS = "$(inherited)";
				OTHER_LDFLAGS = (
					"$(inherited)",
					"-ObjC",
					"-framework",
					"\"CoreGraphics\"",
					"-framework",
					"\"MobileCoreServices\"",
					"-framework",
					"\"Security\"",
					"-framework",
					"\"SystemConfiguration\"",
					"-l\"xml2\"",
				);
				PRODUCT_BUNDLE_IDENTIFIER = BigPi.GPAQuery;
				PRODUCT_NAME = "$(TARGET_NAME)";
			};
			name = Release;
		};
		0EB458B51C2274F20040AE70 /* Debug */ = {
			isa = XCBuildConfiguration;
			buildSettings = {
				BUNDLE_LOADER = "$(TEST_HOST)";
				INFOPLIST_FILE = GPAQueryTests/Info.plist;
				LD_RUNPATH_SEARCH_PATHS = "$(inherited) @executable_path/Frameworks @loader_path/Frameworks";
				PRODUCT_BUNDLE_IDENTIFIER = BigPi.GPAQueryTests;
				PRODUCT_NAME = "$(TARGET_NAME)";
				TEST_HOST = "$(BUILT_PRODUCTS_DIR)/GPAQuery.app/GPAQuery";
			};
			name = Debug;
		};
		0EB458B61C2274F20040AE70 /* Release */ = {
			isa = XCBuildConfiguration;
			buildSettings = {
				BUNDLE_LOADER = "$(TEST_HOST)";
				INFOPLIST_FILE = GPAQueryTests/Info.plist;
				LD_RUNPATH_SEARCH_PATHS = "$(inherited) @executable_path/Frameworks @loader_path/Frameworks";
				PRODUCT_BUNDLE_IDENTIFIER = BigPi.GPAQueryTests;
				PRODUCT_NAME = "$(TARGET_NAME)";
				TEST_HOST = "$(BUILT_PRODUCTS_DIR)/GPAQuery.app/GPAQuery";
			};
			name = Release;
		};
		0EB458B81C2274F20040AE70 /* Debug */ = {
			isa = XCBuildConfiguration;
			buildSettings = {
				INFOPLIST_FILE = GPAQueryUITests/Info.plist;
				LD_RUNPATH_SEARCH_PATHS = "$(inherited) @executable_path/Frameworks @loader_path/Frameworks";
				PRODUCT_BUNDLE_IDENTIFIER = BigPi.GPAQueryUITests;
				PRODUCT_NAME = "$(TARGET_NAME)";
				TEST_TARGET_NAME = GPAQuery;
				USES_XCTRUNNER = YES;
			};
			name = Debug;
		};
		0EB458B91C2274F20040AE70 /* Release */ = {
			isa = XCBuildConfiguration;
			buildSettings = {
				INFOPLIST_FILE = GPAQueryUITests/Info.plist;
				LD_RUNPATH_SEARCH_PATHS = "$(inherited) @executable_path/Frameworks @loader_path/Frameworks";
				PRODUCT_BUNDLE_IDENTIFIER = BigPi.GPAQueryUITests;
				PRODUCT_NAME = "$(TARGET_NAME)";
				TEST_TARGET_NAME = GPAQuery;
				USES_XCTRUNNER = YES;
			};
			name = Release;
		};
/* End XCBuildConfiguration section */

/* Begin XCConfigurationList section */
		0EB4587F1C2274F20040AE70 /* Build configuration list for PBXProject "GPAQuery" */ = {
			isa = XCConfigurationList;
			buildConfigurations = (
				0EB458AF1C2274F20040AE70 /* Debug */,
				0EB458B01C2274F20040AE70 /* Release */,
			);
			defaultConfigurationIsVisible = 0;
			defaultConfigurationName = Release;
		};
		0EB458B11C2274F20040AE70 /* Build configuration list for PBXNativeTarget "GPAQuery" */ = {
			isa = XCConfigurationList;
			buildConfigurations = (
				0EB458B21C2274F20040AE70 /* Debug */,
				0EB458B31C2274F20040AE70 /* Release */,
			);
			defaultConfigurationIsVisible = 0;
			defaultConfigurationName = Release;
		};
		0EB458B41C2274F20040AE70 /* Build configuration list for PBXNativeTarget "GPAQueryTests" */ = {
			isa = XCConfigurationList;
			buildConfigurations = (
				0EB458B51C2274F20040AE70 /* Debug */,
				0EB458B61C2274F20040AE70 /* Release */,
			);
			defaultConfigurationIsVisible = 0;
			defaultConfigurationName = Release;
		};
		0EB458B71C2274F20040AE70 /* Build configuration list for PBXNativeTarget "GPAQueryUITests" */ = {
			isa = XCConfigurationList;
			buildConfigurations = (
				0EB458B81C2274F20040AE70 /* Debug */,
				0EB458B91C2274F20040AE70 /* Release */,
			);
			defaultConfigurationIsVisible = 0;
			defaultConfigurationName = Release;
		};
/* End XCConfigurationList section */
	};
	rootObject = 0EB4587C1C2274F20040AE70 /* Project object */;
}
